
Microsoft Visual Studio Solution File, Format Version 12.00
# Visual Studio Version 16
VisualStudioVersion = 16.0.29911.84
MinimumVisualStudioVersion = 10.0.40219.1
Project("{2150E333-8FDC-42A3-9474-1A3956D46DE8}") = "Api", "Api", "{8902014D-20AF-41BF-9E15-8DB06BDE930E}"
EndProject
Project("{2150E333-8FDC-42A3-9474-1A3956D46DE8}") = "Wpf", "Wpf", "{A7FD8086-F00D-4A95-9C08-429E82EFCC82}"
EndProject
Project("{2150E333-8FDC-42A3-9474-1A3956D46DE8}") = "Web", "Web", "{065ECE07-B3BD-4C81-99C5-76D39D694628}"
EndProject
Project("{2150E333-8FDC-42A3-9474-1A3956D46DE8}") = "Tools", "Tools", "{E0D08D31-292B-4C3F-92B6-57E466766500}"
EndProject
Project("{9A19103F-16F7-4668-BE54-9A1E7A4F7556}") = "ToolBox", "ToolBox\ToolBox.csproj", "{B018C1AD-4945-460C-A25A-C25B2C63C6F6}"
EndProject
Project("{9A19103F-16F7-4668-BE54-9A1E7A4F7556}") = "GestToDo.Mvc", "GestToDo.Mvc\GestToDo.Mvc.csproj", "{D0E85A11-B7C4-40BE-B30B-8F1D734E651B}"
EndProject
Project("{9A19103F-16F7-4668-BE54-9A1E7A4F7556}") = "GestToDo.Wpf", "GestToDo.Wpf\GestToDo.Wpf.csproj", "{AD23F499-2609-4EAA-A289-A95440A105F3}"
EndProject
Project("{9A19103F-16F7-4668-BE54-9A1E7A4F7556}") = "ToolBox.Patterns.MVVM", "ToolBox.Patterns.MVVM\ToolBox.Patterns.MVVM.csproj", "{4BA7592E-1459-44D5-8D98-8F1B86D2BF44}"
EndProject
Project("{2150E333-8FDC-42A3-9474-1A3956D46DE8}") = "Models", "Models", "{BB533E9E-F8E0-4C32-84F3-610F5B372F02}"
EndProject
Project("{2150E333-8FDC-42A3-9474-1A3956D46DE8}") = "ViewModels", "ViewModels", "{82D8805F-AEC1-4089-90E6-7B3C8E0D0B65}"
EndProject
Project("{2150E333-8FDC-42A3-9474-1A3956D46DE8}") = "Views", "Views", "{6EA4BC81-5613-48D8-AE43-750E15D93B80}"
EndProject
Project("{2150E333-8FDC-42A3-9474-1A3956D46DE8}") = "Models", "Models", "{46E9DF19-E086-46AC-A637-C28682B480E1}"
EndProject
Project("{2150E333-8FDC-42A3-9474-1A3956D46DE8}") = "Common", "Common", "{0173CC05-D201-4B2E-B698-EAA9CAB279A8}"
EndProject
Project("{9A19103F-16F7-4668-BE54-9A1E7A4F7556}") = "GestToDo.Models.Interfaces", "GestToDo.Models.Interfaces\GestToDo.Models.Interfaces.csproj", "{F642BA16-9A53-4FBC-A530-C3CCFEDA454A}"
EndProject
Project("{9A19103F-16F7-4668-BE54-9A1E7A4F7556}") = "GestToDo.Model.Global", "GestToDo.Model.Global\GestToDo.Model.Global.csproj", "{B666C58F-9139-40FE-AA86-4224330E9481}"
EndProject
Project("{2150E333-8FDC-42A3-9474-1A3956D46DE8}") = "Models", "Models", "{F5AA3FB6-4A3F-44A3-A115-713FC3845C6E}"
EndProject
Project("{9A19103F-16F7-4668-BE54-9A1E7A4F7556}") = "GestToDo.Api.Models.Client", "GestToDo.Api.Models.Client\GestToDo.Api.Models.Client.csproj", "{6250CA7F-A5E0-44D2-83C8-2965B1077630}"
EndProject
Project("{FAE04EC0-301F-11D3-BF4B-00C04F79EFBC}") = "GestToDo.Api", "GestToDo.Api\GestToDo.Api.csproj", "{B7504A63-FC71-46D1-9364-C1EDFDA3077A}"
EndProject
Project("{FAE04EC0-301F-11D3-BF4B-00C04F79EFBC}") = "GestToDo.Models.Client", "GestToDo.Models.Client\GestToDo.Models.Client.csproj", "{B631D28C-C268-4EA3-950B-FE1F4600FB55}"
EndProject
Project("{FAE04EC0-301F-11D3-BF4B-00C04F79EFBC}") = "GestToDo.Wpf.ViewModels", "GestToDo.Wpf.ViewModels\GestToDo.Wpf.ViewModels.csproj", "{D3857B24-7BDA-4FF8-B1D9-63B0FF20D942}"
EndProject
Global
	GlobalSection(SolutionConfigurationPlatforms) = preSolution
		Debug|Any CPU = Debug|Any CPU
		Release|Any CPU = Release|Any CPU
	EndGlobalSection
	GlobalSection(ProjectConfigurationPlatforms) = postSolution
		{B018C1AD-4945-460C-A25A-C25B2C63C6F6}.Debug|Any CPU.ActiveCfg = Debug|Any CPU
		{B018C1AD-4945-460C-A25A-C25B2C63C6F6}.Debug|Any CPU.Build.0 = Debug|Any CPU
		{B018C1AD-4945-460C-A25A-C25B2C63C6F6}.Release|Any CPU.ActiveCfg = Release|Any CPU
		{B018C1AD-4945-460C-A25A-C25B2C63C6F6}.Release|Any CPU.Build.0 = Release|Any CPU
		{D0E85A11-B7C4-40BE-B30B-8F1D734E651B}.Debug|Any CPU.ActiveCfg = Debug|Any CPU
		{D0E85A11-B7C4-40BE-B30B-8F1D734E651B}.Debug|Any CPU.Build.0 = Debug|Any CPU
		{D0E85A11-B7C4-40BE-B30B-8F1D734E651B}.Release|Any CPU.ActiveCfg = Release|Any CPU
		{D0E85A11-B7C4-40BE-B30B-8F1D734E651B}.Release|Any CPU.Build.0 = Release|Any CPU
		{AD23F499-2609-4EAA-A289-A95440A105F3}.Debug|Any CPU.ActiveCfg = Debug|Any CPU
		{AD23F499-2609-4EAA-A289-A95440A105F3}.Debug|Any CPU.Build.0 = Debug|Any CPU
		{AD23F499-2609-4EAA-A289-A95440A105F3}.Release|Any CPU.ActiveCfg = Release|Any CPU
		{AD23F499-2609-4EAA-A289-A95440A105F3}.Release|Any CPU.Build.0 = Release|Any CPU
		{4BA7592E-1459-44D5-8D98-8F1B86D2BF44}.Debug|Any CPU.ActiveCfg = Debug|Any CPU
		{4BA7592E-1459-44D5-8D98-8F1B86D2BF44}.Debug|Any CPU.Build.0 = Debug|Any CPU
		{4BA7592E-1459-44D5-8D98-8F1B86D2BF44}.Release|Any CPU.ActiveCfg = Release|Any CPU
		{4BA7592E-1459-44D5-8D98-8F1B86D2BF44}.Release|Any CPU.Build.0 = Release|Any CPU
		{F642BA16-9A53-4FBC-A530-C3CCFEDA454A}.Debug|Any CPU.ActiveCfg = Debug|Any CPU
		{F642BA16-9A53-4FBC-A530-C3CCFEDA454A}.Debug|Any CPU.Build.0 = Debug|Any CPU
		{F642BA16-9A53-4FBC-A530-C3CCFEDA454A}.Release|Any CPU.ActiveCfg = Release|Any CPU
		{F642BA16-9A53-4FBC-A530-C3CCFEDA454A}.Release|Any CPU.Build.0 = Release|Any CPU
		{B666C58F-9139-40FE-AA86-4224330E9481}.Debug|Any CPU.ActiveCfg = Debug|Any CPU
		{B666C58F-9139-40FE-AA86-4224330E9481}.Debug|Any CPU.Build.0 = Debug|Any CPU
		{B666C58F-9139-40FE-AA86-4224330E9481}.Release|Any CPU.ActiveCfg = Release|Any CPU
		{B666C58F-9139-40FE-AA86-4224330E9481}.Release|Any CPU.Build.0 = Release|Any CPU
		{6250CA7F-A5E0-44D2-83C8-2965B1077630}.Debug|Any CPU.ActiveCfg = Debug|Any CPU
		{6250CA7F-A5E0-44D2-83C8-2965B1077630}.Debug|Any CPU.Build.0 = Debug|Any CPU
		{6250CA7F-A5E0-44D2-83C8-2965B1077630}.Release|Any CPU.ActiveCfg = Release|Any CPU
		{6250CA7F-A5E0-44D2-83C8-2965B1077630}.Release|Any CPU.Build.0 = Release|Any CPU
		{B7504A63-FC71-46D1-9364-C1EDFDA3077A}.Debug|Any CPU.ActiveCfg = Debug|Any CPU
		{B7504A63-FC71-46D1-9364-C1EDFDA3077A}.Debug|Any CPU.Build.0 = Debug|Any CPU
		{B7504A63-FC71-46D1-9364-C1EDFDA3077A}.Release|Any CPU.ActiveCfg = Release|Any CPU
		{B7504A63-FC71-46D1-9364-C1EDFDA3077A}.Release|Any CPU.Build.0 = Release|Any CPU
		{B631D28C-C268-4EA3-950B-FE1F4600FB55}.Debug|Any CPU.ActiveCfg = Debug|Any CPU
		{B631D28C-C268-4EA3-950B-FE1F4600FB55}.Debug|Any CPU.Build.0 = Debug|Any CPU
		{B631D28C-C268-4EA3-950B-FE1F4600FB55}.Release|Any CPU.ActiveCfg = Release|Any CPU
		{B631D28C-C268-4EA3-950B-FE1F4600FB55}.Release|Any CPU.Build.0 = Release|Any CPU
		{D3857B24-7BDA-4FF8-B1D9-63B0FF20D942}.Debug|Any CPU.ActiveCfg = Debug|Any CPU
		{D3857B24-7BDA-4FF8-B1D9-63B0FF20D942}.Debug|Any CPU.Build.0 = Debug|Any CPU
		{D3857B24-7BDA-4FF8-B1D9-63B0FF20D942}.Release|Any CPU.ActiveCfg = Release|Any CPU
		{D3857B24-7BDA-4FF8-B1D9-63B0FF20D942}.Release|Any CPU.Build.0 = Release|Any CPU
	EndGlobalSection
	GlobalSection(SolutionProperties) = preSolution
		HideSolutionNode = FALSE
	EndGlobalSection
	GlobalSection(NestedProjects) = preSolution
		{B018C1AD-4945-460C-A25A-C25B2C63C6F6} = {E0D08D31-292B-4C3F-92B6-57E466766500}
		{D0E85A11-B7C4-40BE-B30B-8F1D734E651B} = {065ECE07-B3BD-4C81-99C5-76D39D694628}
		{AD23F499-2609-4EAA-A289-A95440A105F3} = {6EA4BC81-5613-48D8-AE43-750E15D93B80}
		{4BA7592E-1459-44D5-8D98-8F1B86D2BF44} = {E0D08D31-292B-4C3F-92B6-57E466766500}
		{BB533E9E-F8E0-4C32-84F3-610F5B372F02} = {A7FD8086-F00D-4A95-9C08-429E82EFCC82}
		{82D8805F-AEC1-4089-90E6-7B3C8E0D0B65} = {A7FD8086-F00D-4A95-9C08-429E82EFCC82}
		{6EA4BC81-5613-48D8-AE43-750E15D93B80} = {A7FD8086-F00D-4A95-9C08-429E82EFCC82}
		{46E9DF19-E086-46AC-A637-C28682B480E1} = {8902014D-20AF-41BF-9E15-8DB06BDE930E}
		{F642BA16-9A53-4FBC-A530-C3CCFEDA454A} = {F5AA3FB6-4A3F-44A3-A115-713FC3845C6E}
		{B666C58F-9139-40FE-AA86-4224330E9481} = {F5AA3FB6-4A3F-44A3-A115-713FC3845C6E}
		{F5AA3FB6-4A3F-44A3-A115-713FC3845C6E} = {0173CC05-D201-4B2E-B698-EAA9CAB279A8}
		{6250CA7F-A5E0-44D2-83C8-2965B1077630} = {46E9DF19-E086-46AC-A637-C28682B480E1}
		{B7504A63-FC71-46D1-9364-C1EDFDA3077A} = {8902014D-20AF-41BF-9E15-8DB06BDE930E}
		{B631D28C-C268-4EA3-950B-FE1F4600FB55} = {F5AA3FB6-4A3F-44A3-A115-713FC3845C6E}
		{D3857B24-7BDA-4FF8-B1D9-63B0FF20D942} = {82D8805F-AEC1-4089-90E6-7B3C8E0D0B65}
	EndGlobalSection
	GlobalSection(ExtensibilityGlobals) = postSolution
		SolutionGuid = {D7C4869C-9150-4D10-B266-70717F3BFB8D}
	EndGlobalSection
EndGlobal
